
Microsoft Visual Studio Solution File, Format Version 12.00
# Visual Studio 15
VisualStudioVersion = 15.0.27004.2005
MinimumVisualStudioVersion = 10.0.40219.1
Project("{9A19103F-16F7-4668-BE54-9A1E7A4F7556}") = "SignalrClient", "SignalrClient\SignalrClient.csproj", "{93D7E74C-46AA-40A4-B171-FDD82F66A55B}"
EndProject
Project("{FAE04EC0-301F-11D3-BF4B-00C04F79EFBC}") = "SignalrServer", "SignalrServer\SignalrServer.csproj", "{0BFC7FD7-D715-48D1-A097-4D3F249DBCE4}"
EndProject
Global
	GlobalSection(SolutionConfigurationPlatforms) = preSolution
		Debug|Any CPU = Debug|Any CPU
		Release|Any CPU = Release|Any CPU
	EndGlobalSection
	GlobalSection(ProjectConfigurationPlatforms) = postSolution
		{93D7E74C-46AA-40A4-B171-FDD82F66A55B}.Debug|Any CPU.ActiveCfg = Debug|Any CPU
		{93D7E74C-46AA-40A4-B171-FDD82F66A55B}.Debug|Any CPU.Build.0 = Debug|Any CPU
		{93D7E74C-46AA-40A4-B171-FDD82F66A55B}.Release|Any CPU.ActiveCfg = Release|Any CPU
		{93D7E74C-46AA-40A4-B171-FDD82F66A55B}.Release|Any CPU.Build.0 = Release|Any CPU
		{0BFC7FD7-D715-48D1-A097-4D3F249DBCE4}.Debug|Any CPU.ActiveCfg = Debug|Any CPU
		{0BFC7FD7-D715-48D1-A097-4D3F249DBCE4}.Debug|Any CPU.Build.0 = Debug|Any CPU
		{0BFC7FD7-D715-48D1-A097-4D3F249DBCE4}.Release|Any CPU.ActiveCfg = Release|Any CPU
		{0BFC7FD7-D715-48D1-A097-4D3F249DBCE4}.Release|Any CPU.Build.0 = Release|Any CPU
	EndGlobalSection
	GlobalSection(SolutionProperties) = preSolution
		HideSolutionNode = FALSE
	EndGlobalSection
	GlobalSection(ExtensibilityGlobals) = postSolution
		SolutionGuid = {FDBDCCE5-0877-419A-86B3-E574A8F25BDC}
	EndGlobalSection
EndGlobal
